
Microsoft Visual Studio Solution File, Format Version 12.00
# Visual Studio Version 16
VisualStudioVersion = 16.0.30804.86
MinimumVisualStudioVersion = 10.0.40219.1
Project("{FAE04EC0-301F-11D3-BF4B-00C04F79EFBC}") = "Information", "Information\Information.csproj", "{7BE10ED7-F9F0-4497-8947-6031C20B97F6}"
EndProject
Global
	GlobalSection(SolutionConfigurationPlatforms) = preSolution
		Debug|Any CPU = Debug|Any CPU
		Release|Any CPU = Release|Any CPU
	EndGlobalSection
	GlobalSection(ProjectConfigurationPlatforms) = postSolution
		{7BE10ED7-F9F0-4497-8947-6031C20B97F6}.Debug|Any CPU.ActiveCfg = Debug|Any CPU
		{7BE10ED7-F9F0-4497-8947-6031C20B97F6}.Debug|Any CPU.Build.0 = Debug|Any CPU
		{7BE10ED7-F9F0-4497-8947-6031C20B97F6}.Release|Any CPU.ActiveCfg = Release|Any CPU
		{7BE10ED7-F9F0-4497-8947-6031C20B97F6}.Release|Any CPU.Build.0 = Release|Any CPU
	EndGlobalSection
	GlobalSection(SolutionProperties) = preSolution
		HideSolutionNode = FALSE
	EndGlobalSection
	GlobalSection(ExtensibilityGlobals) = postSolution
		SolutionGuid = {2E90815E-4C6D-4B6B-9567-577C0FA7779C}
	EndGlobalSection
EndGlobal
